{
  "version": 4,
  "terraform_version": "0.12.24",
  "serial": 23,
  "lineage": "ab82925c-f710-99f2-adef-b4eb69b3edd8",
  "outputs": {
    "rac1-FQDN": {
      "value": "rac1.2two2.me",
      "type": "string"
    },
    "rac1-PRIVATE-IP": {
      "value": "10.120.0.5",
      "type": "string"
    },
    "rac1-PUBLIC-IP": {
      "value": "178.128.177.191",
      "type": "string"
    },
    "rac2-Address-Info": {
      "value": "_-_-_-_-_-_-_-_-_-",
      "type": "string"
    },
    "rac2-FQDN": {
      "value": "rac1.2two2.me",
      "type": "string"
    },
    "rac2-PRIVATE-IP": {
      "value": "10.120.0.2",
      "type": "string"
    },
    "rac2-PUBLIC-IP": {
      "value": "64.227.56.92",
      "type": "string"
    }
  },
  "resources": [
    {
      "mode": "managed",
      "type": "digitalocean_domain",
      "name": "rac1",
      "provider": "provider.digitalocean",
      "instances": [
        {
          "schema_version": 0,
          "attributes": {
            "id": "rac1.2two2.me",
            "ip_address": "178.128.177.191",
            "name": "rac1.2two2.me",
            "urn": "do:domain:rac1.2two2.me"
          },
          "private": "bnVsbA==",
          "dependencies": [
            "digitalocean_droplet.rac1"
          ]
        }
      ]
    },
    {
      "mode": "managed",
      "type": "digitalocean_domain",
      "name": "rac2",
      "provider": "provider.digitalocean",
      "instances": [
        {
          "schema_version": 0,
          "attributes": {
            "id": "rac2.2two2.me",
            "ip_address": "64.227.56.92",
            "name": "rac2.2two2.me",
            "urn": "do:domain:rac2.2two2.me"
          },
          "private": "bnVsbA==",
          "dependencies": [
            "digitalocean_droplet.rac2"
          ]
        }
      ]
    },
    {
      "mode": "managed",
      "type": "digitalocean_droplet",
      "name": "rac1",
      "provider": "provider.digitalocean",
      "instances": [
        {
          "schema_version": 1,
          "attributes": {
            "backups": false,
            "created_at": "2020-05-03T02:17:06Z",
            "disk": 20,
            "id": "190811553",
            "image": "centos-8-x64",
            "ipv4_address": "178.128.177.191",
            "ipv4_address_private": "10.120.0.5",
            "ipv6": false,
            "ipv6_address": "",
            "ipv6_address_private": null,
            "locked": false,
            "memory": 512,
            "monitoring": false,
            "name": "rac1",
            "price_hourly": 0.00744,
            "price_monthly": 5,
            "private_networking": true,
            "region": "sfo2",
            "resize_disk": true,
            "size": "512mb",
            "ssh_keys": [
              "bc:e2:4f:fa:2d:28:ba:24:f9:8d:3d:79:9a:40:1b:04"
            ],
            "status": "active",
            "tags": [
              "rac1"
            ],
            "urn": "do:droplet:190811553",
            "user_data": null,
            "vcpus": 1,
            "volume_ids": [],
            "vpc_uuid": "d8cc566c-7b02-4b43-933d-0979c5520b43"
          },
          "private": "eyJzY2hlbWFfdmVyc2lvbiI6IjEifQ==",
          "dependencies": [
            "digitalocean_tag.rac1"
          ]
        }
      ]
    },
    {
      "mode": "managed",
      "type": "digitalocean_droplet",
      "name": "rac2",
      "provider": "provider.digitalocean",
      "instances": [
        {
          "schema_version": 1,
          "attributes": {
            "backups": false,
            "created_at": "2020-05-03T02:17:06Z",
            "disk": 20,
            "id": "190811554",
            "image": "centos-8-x64",
            "ipv4_address": "64.227.56.92",
            "ipv4_address_private": "10.120.0.2",
            "ipv6": false,
            "ipv6_address": "",
            "ipv6_address_private": null,
            "locked": false,
            "memory": 512,
            "monitoring": false,
            "name": "rac2",
            "price_hourly": 0.00744,
            "price_monthly": 5,
            "private_networking": true,
            "region": "sfo2",
            "resize_disk": true,
            "size": "512mb",
            "ssh_keys": [
              "bc:e2:4f:fa:2d:28:ba:24:f9:8d:3d:79:9a:40:1b:04"
            ],
            "status": "active",
            "tags": [
              "rac2"
            ],
            "urn": "do:droplet:190811554",
            "user_data": null,
            "vcpus": 1,
            "volume_ids": [],
            "vpc_uuid": "d8cc566c-7b02-4b43-933d-0979c5520b43"
          },
          "private": "eyJzY2hlbWFfdmVyc2lvbiI6IjEifQ==",
          "dependencies": [
            "digitalocean_tag.rac2"
          ]
        }
      ]
    },
    {
      "mode": "managed",
      "type": "digitalocean_tag",
      "name": "rac1",
      "provider": "provider.digitalocean",
      "instances": [
        {
          "schema_version": 0,
          "attributes": {
            "id": "rac1",
            "name": "rac1"
          },
          "private": "bnVsbA=="
        }
      ]
    },
    {
      "mode": "managed",
      "type": "digitalocean_tag",
      "name": "rac2",
      "provider": "provider.digitalocean",
      "instances": [
        {
          "schema_version": 0,
          "attributes": {
            "id": "rac2",
            "name": "rac2"
          },
          "private": "bnVsbA=="
        }
      ]
    }
  ]
}
